
Microsoft Visual Studio Solution File, Format Version 12.00
# Visual Studio Version 16
VisualStudioVersion = 16.0.30104.148
MinimumVisualStudioVersion = 10.0.40219.1
Project("{9A19103F-16F7-4668-BE54-9A1E7A4F7556}") = "PermissionsScraper", "PermissionsScraper\PermissionsScraper.csproj", "{53A55462-BF41-43E6-AA07-3EC5414A56DF}"
EndProject
Project("{9A19103F-16F7-4668-BE54-9A1E7A4F7556}") = "GitHubContentUtility", "..\Submodules\msgraph-github-content-utility\GitHubContentUtility\GitHubContentUtility.csproj", "{5824D014-D95C-46E4-9A81-B97E7EDF3BDA}"
EndProject
Global
	GlobalSection(SolutionConfigurationPlatforms) = preSolution
		Debug|Any CPU = Debug|Any CPU
		Release|Any CPU = Release|Any CPU
	EndGlobalSection
	GlobalSection(ProjectConfigurationPlatforms) = postSolution
		{53A55462-BF41-43E6-AA07-3EC5414A56DF}.Debug|Any CPU.ActiveCfg = Debug|Any CPU
		{53A55462-BF41-43E6-AA07-3EC5414A56DF}.Debug|Any CPU.Build.0 = Debug|Any CPU
		{53A55462-BF41-43E6-AA07-3EC5414A56DF}.Release|Any CPU.ActiveCfg = Release|Any CPU
		{53A55462-BF41-43E6-AA07-3EC5414A56DF}.Release|Any CPU.Build.0 = Release|Any CPU
		{5824D014-D95C-46E4-9A81-B97E7EDF3BDA}.Debug|Any CPU.ActiveCfg = Debug|Any CPU
		{5824D014-D95C-46E4-9A81-B97E7EDF3BDA}.Debug|Any CPU.Build.0 = Debug|Any CPU
		{5824D014-D95C-46E4-9A81-B97E7EDF3BDA}.Release|Any CPU.ActiveCfg = Release|Any CPU
		{5824D014-D95C-46E4-9A81-B97E7EDF3BDA}.Release|Any CPU.Build.0 = Release|Any CPU
	EndGlobalSection
	GlobalSection(SolutionProperties) = preSolution
		HideSolutionNode = FALSE
	EndGlobalSection
	GlobalSection(ExtensibilityGlobals) = postSolution
		SolutionGuid = {3677E491-6670-4624-A317-5971BEE7BFFC}
	EndGlobalSection
EndGlobal
